
Microsoft Visual Studio Solution File, Format Version 12.00
# Visual Studio 2012
Project("{FAE04EC0-301F-11D3-BF4B-00C04F79EFBC}") = "FriendApi", "FriendApi.csproj", "{EAB2A98D-2059-45B2-8DFF-42B8326D5531}"
EndProject
Project("{FAE04EC0-301F-11D3-BF4B-00C04F79EFBC}") = "CollectionJson", "..\..\src\CollectionJson\CollectionJson.csproj", "{F606AFBF-1ADA-40C5-9CDE-5E6E9F2E3F77}"
EndProject
Global
	GlobalSection(SolutionConfigurationPlatforms) = preSolution
		Debug|Any CPU = Debug|Any CPU
		Release|Any CPU = Release|Any CPU
	EndGlobalSection
	GlobalSection(ProjectConfigurationPlatforms) = postSolution
		{EAB2A98D-2059-45B2-8DFF-42B8326D5531}.Debug|Any CPU.ActiveCfg = Debug|Any CPU
		{EAB2A98D-2059-45B2-8DFF-42B8326D5531}.Debug|Any CPU.Build.0 = Debug|Any CPU
		{EAB2A98D-2059-45B2-8DFF-42B8326D5531}.Release|Any CPU.ActiveCfg = Release|Any CPU
		{EAB2A98D-2059-45B2-8DFF-42B8326D5531}.Release|Any CPU.Build.0 = Release|Any CPU
		{F606AFBF-1ADA-40C5-9CDE-5E6E9F2E3F77}.Debug|Any CPU.ActiveCfg = Debug|Any CPU
		{F606AFBF-1ADA-40C5-9CDE-5E6E9F2E3F77}.Debug|Any CPU.Build.0 = Debug|Any CPU
		{F606AFBF-1ADA-40C5-9CDE-5E6E9F2E3F77}.Release|Any CPU.ActiveCfg = Release|Any CPU
		{F606AFBF-1ADA-40C5-9CDE-5E6E9F2E3F77}.Release|Any CPU.Build.0 = Release|Any CPU
	EndGlobalSection
	GlobalSection(SolutionProperties) = preSolution
		HideSolutionNode = FALSE
	EndGlobalSection
EndGlobal
